{
  "version": 4,
  "terraform_version": "1.12.1",
  "serial": 6,
  "lineage": "bc927bc3-aa48-2a05-a338-fbd74c67f61b",
  "outputs": {},
  "resources": [
    {
      "mode": "managed",
      "type": "local_file",
      "name": "db_dummy",
      "provider": "provider[\"registry.terraform.io/hashicorp/local\"]",
      "instances": [
        {
          "schema_version": 0,
          "attributes": {
            "content": "Base de datos creada a las 2025-06-18 23:33:48",
            "content_base64": null,
            "content_base64sha256": "scuIVck2cqtu/oQjTrh/vwrDq3Aoxne9dZywpTlw0mo=",
            "content_base64sha512": "Lbvck+G/s8xiJF+Q7iwQgJE+O4Zz7pdzLDpaPxl2oYIBUzjbPJ3CvwUSVVKeUTVQxh/X2PYf7+fBRsfn1i+mQw==",
            "content_md5": "83e833024c99207931048d90027a8e7c",
            "content_sha1": "9ebf5578bc9c60a6f024253e51df11f8f6559878",
            "content_sha256": "b1cb8855c93672ab6efe84234eb87fbf0ac3ab7028c677bd759cb0a53970d26a",
            "content_sha512": "2dbbdc93e1bfb3cc62245f90ee2c1080913e3b8673ee97732c3a5a3f1976a182015338db3c9dc2bf051255529e513550c61fd7d8f61fefe7c146c7e7d62fa643",
            "directory_permission": "0777",
            "file_permission": "0777",
            "filename": "/home/dirac/Documents/DS/GitOps-Local/servicios_simulados/db_dummy.txt",
            "id": "9ebf5578bc9c60a6f024253e51df11f8f6559878",
            "sensitive_content": null,
            "source": null
          },
          "sensitive_attributes": [
            [
              {
                "type": "get_attr",
                "value": "sensitive_content"
              }
            ]
          ],
          "identity_schema_version": 0
        }
      ]
    },
    {
      "mode": "managed",
      "type": "null_resource",
      "name": "servicio_c",
      "provider": "provider[\"registry.terraform.io/hashicorp/null\"]",
      "instances": [
        {
          "schema_version": 0,
          "attributes": {
            "id": "5189715582138057298",
            "triggers": null
          },
          "sensitive_attributes": [],
          "identity_schema_version": 0,
          "dependencies": [
            "module.servicio_a.local_file.servicio_dummy",
            "module.servicio_a.null_resource.servicio_a"
          ]
        }
      ]
    },
    {
      "module": "module.servicio_a",
      "mode": "managed",
      "type": "local_file",
      "name": "servicio_dummy",
      "provider": "provider[\"registry.terraform.io/hashicorp/local\"]",
      "instances": [
        {
          "schema_version": 0,
          "attributes": {
            "content": "Servicio creado a las 2025-06-18 23:33:48",
            "content_base64": null,
            "content_base64sha256": "vFUGL6PhOT3f40/sKER+bek/Di/zpap4WbyvYdOyYPM=",
            "content_base64sha512": "owxfPqvl7ztR98++g3CFX6b7uW2t9RZLA4toF6lJtzvVIYrKrLF7VXvWXdf/Vwnm+xNsllIfkN8UHrtxocbNOA==",
            "content_md5": "e1b25f14535d793246342633f6dd4b5e",
            "content_sha1": "5b2b65cab73981cbeb0def8932cecedb3ff375cd",
            "content_sha256": "bc55062fa3e1393ddfe34fec28447e6de93f0e2ff3a5aa7859bcaf61d3b260f3",
            "content_sha512": "a30c5f3eabe5ef3b51f7cfbe8370855fa6fbb96dadf5164b038b6817a949b73bd5218acaacb17b557bd65dd7ff5709e6fb136c96521f90df141ebb71a1c6cd38",
            "directory_permission": "0777",
            "file_permission": "0777",
            "filename": "/home/dirac/Documents/DS/GitOps-Local/servicios_simulados/servicio_dummy_A.service",
            "id": "5b2b65cab73981cbeb0def8932cecedb3ff375cd",
            "sensitive_content": null,
            "source": null
          },
          "sensitive_attributes": [
            [
              {
                "type": "get_attr",
                "value": "sensitive_content"
              }
            ]
          ],
          "identity_schema_version": 0
        }
      ]
    },
    {
      "module": "module.servicio_a",
      "mode": "managed",
      "type": "null_resource",
      "name": "servicio_a",
      "provider": "provider[\"registry.terraform.io/hashicorp/null\"]",
      "instances": [
        {
          "schema_version": 0,
          "attributes": {
            "id": "7594903794493526689",
            "triggers": null
          },
          "sensitive_attributes": [],
          "identity_schema_version": 0
        }
      ]
    }
  ],
  "check_results": null
}
