{
  "version": 4,
  "terraform_version": "1.12.1",
  "serial": 3,
  "lineage": "bbe75eea-6168-3b0b-8d7d-17ac97ee5f25",
  "outputs": {},
  "resources": [
    {
      "mode": "managed",
      "type": "local_file",
      "name": "servicio_dummy",
      "provider": "provider[\"registry.terraform.io/hashicorp/local\"]",
      "instances": [
        {
          "schema_version": 0,
          "attributes": {
            "content": "Servicio creado a las 2025-06-18 23:33:47",
            "content_base64": null,
            "content_base64sha256": "MNGGMwULd5kgN6/ZfwxnXVezVj9ngmmDNRwWGHLdDDo=",
            "content_base64sha512": "znijRzSmcNXbPWf3LNIjyRUmR/1Exq6GZ6NRosg7kYdiO9PTnklMyaRVFLU4bYS1wEuaFcbLghr92RoC1bpQ8w==",
            "content_md5": "9874befcab8a5a02d9a85faf930e5afd",
            "content_sha1": "fe03b15c0f822b25d8158ceccf2cd5707e79b6d5",
            "content_sha256": "30d18633050b77992037afd97f0c675d57b3563f67826983351c161872dd0c3a",
            "content_sha512": "ce78a34734a670d5db3d67f72cd223c9152647fd44c6ae8667a351a2c83b9187623bd3d39e494cc9a45514b5386d84b5c04b9a15c6cb821afdd91a02d5ba50f3",
            "directory_permission": "0777",
            "file_permission": "0777",
            "filename": "/home/dirac/Documents/DS/GitOps-Local/servicios_simulados/servicio_dummy_A.service",
            "id": "fe03b15c0f822b25d8158ceccf2cd5707e79b6d5",
            "sensitive_content": null,
            "source": null
          },
          "sensitive_attributes": [
            [
              {
                "type": "get_attr",
                "value": "sensitive_content"
              }
            ]
          ],
          "identity_schema_version": 0
        }
      ]
    },
    {
      "mode": "managed",
      "type": "null_resource",
      "name": "servicio_a",
      "provider": "provider[\"registry.terraform.io/hashicorp/null\"]",
      "instances": [
        {
          "schema_version": 0,
          "attributes": {
            "id": "8771288233724656698",
            "triggers": null
          },
          "sensitive_attributes": [],
          "identity_schema_version": 0
        }
      ]
    }
  ],
  "check_results": null
}
