{
  "version": 4,
  "terraform_version": "1.12.1",
  "serial": 9,
  "lineage": "0d12cb95-1416-4f46-8107-b28178cd7ae3",
  "outputs": {},
  "resources": [
    {
      "mode": "managed",
      "type": "null_resource",
      "name": "servicio_d",
      "provider": "provider[\"registry.terraform.io/hashicorp/null\"]",
      "instances": [
        {
          "schema_version": 0,
          "attributes": {
            "id": "3446376636890549700",
            "triggers": null
          },
          "sensitive_attributes": [],
          "identity_schema_version": 0,
          "dependencies": [
            "module.servicio_b.local_file.servicio_dummy",
            "module.servicio_b.module.servicio_c.local_file.db_dummy",
            "module.servicio_b.module.servicio_c.module.servicio_a.local_file.servicio_dummy",
            "module.servicio_b.module.servicio_c.module.servicio_a.null_resource.servicio_a",
            "module.servicio_b.module.servicio_c.null_resource.servicio_c",
            "module.servicio_b.null_resource.servicio_b"
          ]
        }
      ]
    },
    {
      "module": "module.servicio_b",
      "mode": "managed",
      "type": "local_file",
      "name": "servicio_dummy",
      "provider": "provider[\"registry.terraform.io/hashicorp/local\"]",
      "instances": [
        {
          "schema_version": 0,
          "attributes": {
            "content": "Servicio creado a las 2025-06-18 23:33:50",
            "content_base64": null,
            "content_base64sha256": "pUrBRas/HAG86DrylSmlU20KrOuXWqVOkMSzjBZaz5Y=",
            "content_base64sha512": "44rmWIn90l0vPL+jqh1ctpINhumT2lRryI1vwQNNBOGE5pwbfV9sn173qsqm7c4+CWXGU4X5gSvVJgvgyu+mqw==",
            "content_md5": "04ddae929063bab6101a37c79d971743",
            "content_sha1": "b96e6520a3032c904821db79a9af93276cae971d",
            "content_sha256": "a54ac145ab3f1c01bce83af29529a5536d0aaceb975aa54e90c4b38c165acf96",
            "content_sha512": "e38ae65889fdd25d2f3cbfa3aa1d5cb6920d86e993da546bc88d6fc1034d04e184e69c1b7d5f6c9f5ef7aacaa6edce3e0965c65385f9812bd5260be0caefa6ab",
            "directory_permission": "0777",
            "file_permission": "0777",
            "filename": "/home/dirac/Documents/DS/GitOps-Local/servicios_simulados/servicio_dummy_B.service",
            "id": "b96e6520a3032c904821db79a9af93276cae971d",
            "sensitive_content": null,
            "source": null
          },
          "sensitive_attributes": [
            [
              {
                "type": "get_attr",
                "value": "sensitive_content"
              }
            ]
          ],
          "identity_schema_version": 0
        }
      ]
    },
    {
      "module": "module.servicio_b",
      "mode": "managed",
      "type": "null_resource",
      "name": "servicio_b",
      "provider": "provider[\"registry.terraform.io/hashicorp/null\"]",
      "instances": [
        {
          "schema_version": 0,
          "attributes": {
            "id": "7760375672855320056",
            "triggers": null
          },
          "sensitive_attributes": [],
          "identity_schema_version": 0,
          "dependencies": [
            "module.servicio_b.module.servicio_c.local_file.db_dummy",
            "module.servicio_b.module.servicio_c.module.servicio_a.local_file.servicio_dummy",
            "module.servicio_b.module.servicio_c.module.servicio_a.null_resource.servicio_a",
            "module.servicio_b.module.servicio_c.null_resource.servicio_c"
          ]
        }
      ]
    },
    {
      "module": "module.servicio_b.module.servicio_c",
      "mode": "managed",
      "type": "local_file",
      "name": "db_dummy",
      "provider": "provider[\"registry.terraform.io/hashicorp/local\"]",
      "instances": [
        {
          "schema_version": 0,
          "attributes": {
            "content": "Base de datos creada a las 2025-06-18 23:33:50",
            "content_base64": null,
            "content_base64sha256": "BReavN1YytONmOebtEHVbAzgwVs7gSb2TZ5jhRRPPMk=",
            "content_base64sha512": "3+F5stCaa4dykRRDxuZZEOb8FoeQenLJy8514jSSzsLv5lB5vaHCaCwzutIrckNlLeDHo2/gxbPy6NXmWyVpIQ==",
            "content_md5": "a3fff9152ba9292ced560781003c2381",
            "content_sha1": "3d2c379ad974f5b05396ed071277eda29fdd19d6",
            "content_sha256": "05179abcdd58cad38d98e79bb441d56c0ce0c15b3b8126f64d9e6385144f3cc9",
            "content_sha512": "dfe179b2d09a6b8772911443c6e65910e6fc1687907a72c9cbce75e23492cec2efe65079bda1c2682c33bad22b7243652de0c7a36fe0c5b3f2e8d5e65b256921",
            "directory_permission": "0777",
            "file_permission": "0777",
            "filename": "/home/dirac/Documents/DS/GitOps-Local/servicios_simulados/db_dummy.txt",
            "id": "3d2c379ad974f5b05396ed071277eda29fdd19d6",
            "sensitive_content": null,
            "source": null
          },
          "sensitive_attributes": [
            [
              {
                "type": "get_attr",
                "value": "sensitive_content"
              }
            ]
          ],
          "identity_schema_version": 0
        }
      ]
    },
    {
      "module": "module.servicio_b.module.servicio_c",
      "mode": "managed",
      "type": "null_resource",
      "name": "servicio_c",
      "provider": "provider[\"registry.terraform.io/hashicorp/null\"]",
      "instances": [
        {
          "schema_version": 0,
          "attributes": {
            "id": "4453232201833176036",
            "triggers": null
          },
          "sensitive_attributes": [],
          "identity_schema_version": 0,
          "dependencies": [
            "module.servicio_b.module.servicio_c.module.servicio_a.local_file.servicio_dummy",
            "module.servicio_b.module.servicio_c.module.servicio_a.null_resource.servicio_a"
          ]
        }
      ]
    },
    {
      "module": "module.servicio_b.module.servicio_c.module.servicio_a",
      "mode": "managed",
      "type": "local_file",
      "name": "servicio_dummy",
      "provider": "provider[\"registry.terraform.io/hashicorp/local\"]",
      "instances": [
        {
          "schema_version": 0,
          "attributes": {
            "content": "Servicio creado a las 2025-06-18 23:33:50",
            "content_base64": null,
            "content_base64sha256": "pUrBRas/HAG86DrylSmlU20KrOuXWqVOkMSzjBZaz5Y=",
            "content_base64sha512": "44rmWIn90l0vPL+jqh1ctpINhumT2lRryI1vwQNNBOGE5pwbfV9sn173qsqm7c4+CWXGU4X5gSvVJgvgyu+mqw==",
            "content_md5": "04ddae929063bab6101a37c79d971743",
            "content_sha1": "b96e6520a3032c904821db79a9af93276cae971d",
            "content_sha256": "a54ac145ab3f1c01bce83af29529a5536d0aaceb975aa54e90c4b38c165acf96",
            "content_sha512": "e38ae65889fdd25d2f3cbfa3aa1d5cb6920d86e993da546bc88d6fc1034d04e184e69c1b7d5f6c9f5ef7aacaa6edce3e0965c65385f9812bd5260be0caefa6ab",
            "directory_permission": "0777",
            "file_permission": "0777",
            "filename": "/home/dirac/Documents/DS/GitOps-Local/servicios_simulados/servicio_dummy_A.service",
            "id": "b96e6520a3032c904821db79a9af93276cae971d",
            "sensitive_content": null,
            "source": null
          },
          "sensitive_attributes": [
            [
              {
                "type": "get_attr",
                "value": "sensitive_content"
              }
            ]
          ],
          "identity_schema_version": 0
        }
      ]
    },
    {
      "module": "module.servicio_b.module.servicio_c.module.servicio_a",
      "mode": "managed",
      "type": "null_resource",
      "name": "servicio_a",
      "provider": "provider[\"registry.terraform.io/hashicorp/null\"]",
      "instances": [
        {
          "schema_version": 0,
          "attributes": {
            "id": "2258264413017640814",
            "triggers": null
          },
          "sensitive_attributes": [],
          "identity_schema_version": 0
        }
      ]
    }
  ],
  "check_results": null
}
