{
  "version": 4,
  "terraform_version": "1.12.1",
  "serial": 8,
  "lineage": "12b86e99-50d0-b059-56c8-d3b1ed12b791",
  "outputs": {},
  "resources": [
    {
      "mode": "managed",
      "type": "local_file",
      "name": "servicio_dummy",
      "provider": "provider[\"registry.terraform.io/hashicorp/local\"]",
      "instances": [
        {
          "schema_version": 0,
          "attributes": {
            "content": "Servicio creado a las 2025-06-18 23:33:49",
            "content_base64": null,
            "content_base64sha256": "rTXI6BWePJ8JLJbbe8qLk+sMlngDBeOra1J/mIQB5jA=",
            "content_base64sha512": "0oXHx5z4d9d8Q0M6r0i7lS07bJApHZmpLYOqMxjtK4jCezBqTMwmwqcSUFPJYFoBP02JCEZdyRk5AE+qb/hedA==",
            "content_md5": "12a2731dd9a4cf0b2d4aa13e55180a50",
            "content_sha1": "9fdc6d66258759ec2e006259ac3ca8ea7e08b166",
            "content_sha256": "ad35c8e8159e3c9f092c96db7bca8b93eb0c96780305e3ab6b527f988401e630",
            "content_sha512": "d285c7c79cf877d77c43433aaf48bb952d3b6c90291d99a92d83aa3318ed2b88c27b306a4ccc26c2a7125053c9605a013f4d8908465dc91939004faa6ff85e74",
            "directory_permission": "0777",
            "file_permission": "0777",
            "filename": "/home/dirac/Documents/DS/GitOps-Local/servicios_simulados/servicio_dummy_B.service",
            "id": "9fdc6d66258759ec2e006259ac3ca8ea7e08b166",
            "sensitive_content": null,
            "source": null
          },
          "sensitive_attributes": [
            [
              {
                "type": "get_attr",
                "value": "sensitive_content"
              }
            ]
          ],
          "identity_schema_version": 0
        }
      ]
    },
    {
      "mode": "managed",
      "type": "null_resource",
      "name": "servicio_b",
      "provider": "provider[\"registry.terraform.io/hashicorp/null\"]",
      "instances": [
        {
          "schema_version": 0,
          "attributes": {
            "id": "4364075706985955479",
            "triggers": null
          },
          "sensitive_attributes": [],
          "identity_schema_version": 0,
          "dependencies": [
            "module.servicio_c.local_file.db_dummy",
            "module.servicio_c.module.servicio_a.local_file.servicio_dummy",
            "module.servicio_c.module.servicio_a.null_resource.servicio_a",
            "module.servicio_c.null_resource.servicio_c"
          ]
        }
      ]
    },
    {
      "module": "module.servicio_c",
      "mode": "managed",
      "type": "local_file",
      "name": "db_dummy",
      "provider": "provider[\"registry.terraform.io/hashicorp/local\"]",
      "instances": [
        {
          "schema_version": 0,
          "attributes": {
            "content": "Base de datos creada a las 2025-06-18 23:33:49",
            "content_base64": null,
            "content_base64sha256": "lBf6oPl/JsCep4fvMhKgxaghCa4/dcZFAQu5w5nAYOE=",
            "content_base64sha512": "NaJGCZDq4G5veIg2qrTBz0YSVLDkdwJgesgIVEeql1+37i5oGFwVGXtHx2SYHYYsc2xd473vnV6x2UiFAMW6Kg==",
            "content_md5": "3b210843fabafdc6ede3be7a2de617bb",
            "content_sha1": "eae5884947c2294bbea82a2dbd9672566f91bd32",
            "content_sha256": "9417faa0f97f26c09ea787ef3212a0c5a82109ae3f75c645010bb9c399c060e1",
            "content_sha512": "35a2460990eae06e6f788836aab4c1cf461254b0e47702607ac8085447aa975fb7ee2e68185c15197b47c764981d862c736c5de3bdef9d5eb1d9488500c5ba2a",
            "directory_permission": "0777",
            "file_permission": "0777",
            "filename": "/home/dirac/Documents/DS/GitOps-Local/servicios_simulados/db_dummy.txt",
            "id": "eae5884947c2294bbea82a2dbd9672566f91bd32",
            "sensitive_content": null,
            "source": null
          },
          "sensitive_attributes": [
            [
              {
                "type": "get_attr",
                "value": "sensitive_content"
              }
            ]
          ],
          "identity_schema_version": 0
        }
      ]
    },
    {
      "module": "module.servicio_c",
      "mode": "managed",
      "type": "null_resource",
      "name": "servicio_c",
      "provider": "provider[\"registry.terraform.io/hashicorp/null\"]",
      "instances": [
        {
          "schema_version": 0,
          "attributes": {
            "id": "4655234923691359330",
            "triggers": null
          },
          "sensitive_attributes": [],
          "identity_schema_version": 0,
          "dependencies": [
            "module.servicio_c.module.servicio_a.local_file.servicio_dummy",
            "module.servicio_c.module.servicio_a.null_resource.servicio_a"
          ]
        }
      ]
    },
    {
      "module": "module.servicio_c.module.servicio_a",
      "mode": "managed",
      "type": "local_file",
      "name": "servicio_dummy",
      "provider": "provider[\"registry.terraform.io/hashicorp/local\"]",
      "instances": [
        {
          "schema_version": 0,
          "attributes": {
            "content": "Servicio creado a las 2025-06-18 23:33:49",
            "content_base64": null,
            "content_base64sha256": "rTXI6BWePJ8JLJbbe8qLk+sMlngDBeOra1J/mIQB5jA=",
            "content_base64sha512": "0oXHx5z4d9d8Q0M6r0i7lS07bJApHZmpLYOqMxjtK4jCezBqTMwmwqcSUFPJYFoBP02JCEZdyRk5AE+qb/hedA==",
            "content_md5": "12a2731dd9a4cf0b2d4aa13e55180a50",
            "content_sha1": "9fdc6d66258759ec2e006259ac3ca8ea7e08b166",
            "content_sha256": "ad35c8e8159e3c9f092c96db7bca8b93eb0c96780305e3ab6b527f988401e630",
            "content_sha512": "d285c7c79cf877d77c43433aaf48bb952d3b6c90291d99a92d83aa3318ed2b88c27b306a4ccc26c2a7125053c9605a013f4d8908465dc91939004faa6ff85e74",
            "directory_permission": "0777",
            "file_permission": "0777",
            "filename": "/home/dirac/Documents/DS/GitOps-Local/servicios_simulados/servicio_dummy_A.service",
            "id": "9fdc6d66258759ec2e006259ac3ca8ea7e08b166",
            "sensitive_content": null,
            "source": null
          },
          "sensitive_attributes": [
            [
              {
                "type": "get_attr",
                "value": "sensitive_content"
              }
            ]
          ],
          "identity_schema_version": 0
        }
      ]
    },
    {
      "module": "module.servicio_c.module.servicio_a",
      "mode": "managed",
      "type": "null_resource",
      "name": "servicio_a",
      "provider": "provider[\"registry.terraform.io/hashicorp/null\"]",
      "instances": [
        {
          "schema_version": 0,
          "attributes": {
            "id": "8290191218549315080",
            "triggers": null
          },
          "sensitive_attributes": [],
          "identity_schema_version": 0
        }
      ]
    }
  ],
  "check_results": null
}
